
Microsoft Visual Studio Solution File, Format Version 12.00
# Visual Studio Version 17
VisualStudioVersion = 17.5.33516.290
MinimumVisualStudioVersion = 10.0.40219.1
Project("{9A19103F-16F7-4668-BE54-9A1E7A4F7556}") = "Task1_1_1", "Task1-1\Task1_1_1.csproj", "{B3E4E0CB-9100-4DAF-B7C1-35B352D6817B}"
EndProject
Project("{FAE04EC0-301F-11D3-BF4B-00C04F79EFBC}") = "Task1_1_2_", "Task1_1_2_\Task1_1_2_.csproj", "{EC7F2C1F-5751-460F-AFEB-FE6C8E4BCCAF}"
EndProject
Project("{FAE04EC0-301F-11D3-BF4B-00C04F79EFBC}") = "Task1_1_3_", "Task1_1_3_\Task1_1_3_.csproj", "{DC76C2D8-1D3C-43ED-BF82-53C51084C2CE}"
EndProject
Project("{FAE04EC0-301F-11D3-BF4B-00C04F79EFBC}") = "Task1_1_4_", "Task1_1_4_\Task1_1_4_.csproj", "{E014960A-C509-4A93-B49F-8C771BC35E9B}"
EndProject
Project("{FAE04EC0-301F-11D3-BF4B-00C04F79EFBC}") = "Task1_1_5_", "Task1_1_5_\Task1_1_5_.csproj", "{8CE775D7-F8D6-4CD7-92EE-FEDE269D3255}"
EndProject
Global
	GlobalSection(SolutionConfigurationPlatforms) = preSolution
		Debug|Any CPU = Debug|Any CPU
		Release|Any CPU = Release|Any CPU
	EndGlobalSection
	GlobalSection(ProjectConfigurationPlatforms) = postSolution
		{B3E4E0CB-9100-4DAF-B7C1-35B352D6817B}.Debug|Any CPU.ActiveCfg = Debug|Any CPU
		{B3E4E0CB-9100-4DAF-B7C1-35B352D6817B}.Debug|Any CPU.Build.0 = Debug|Any CPU
		{B3E4E0CB-9100-4DAF-B7C1-35B352D6817B}.Release|Any CPU.ActiveCfg = Release|Any CPU
		{B3E4E0CB-9100-4DAF-B7C1-35B352D6817B}.Release|Any CPU.Build.0 = Release|Any CPU
		{EC7F2C1F-5751-460F-AFEB-FE6C8E4BCCAF}.Debug|Any CPU.ActiveCfg = Debug|Any CPU
		{EC7F2C1F-5751-460F-AFEB-FE6C8E4BCCAF}.Debug|Any CPU.Build.0 = Debug|Any CPU
		{EC7F2C1F-5751-460F-AFEB-FE6C8E4BCCAF}.Release|Any CPU.ActiveCfg = Release|Any CPU
		{EC7F2C1F-5751-460F-AFEB-FE6C8E4BCCAF}.Release|Any CPU.Build.0 = Release|Any CPU
		{DC76C2D8-1D3C-43ED-BF82-53C51084C2CE}.Debug|Any CPU.ActiveCfg = Debug|Any CPU
		{DC76C2D8-1D3C-43ED-BF82-53C51084C2CE}.Debug|Any CPU.Build.0 = Debug|Any CPU
		{DC76C2D8-1D3C-43ED-BF82-53C51084C2CE}.Release|Any CPU.ActiveCfg = Release|Any CPU
		{DC76C2D8-1D3C-43ED-BF82-53C51084C2CE}.Release|Any CPU.Build.0 = Release|Any CPU
		{E014960A-C509-4A93-B49F-8C771BC35E9B}.Debug|Any CPU.ActiveCfg = Debug|Any CPU
		{E014960A-C509-4A93-B49F-8C771BC35E9B}.Debug|Any CPU.Build.0 = Debug|Any CPU
		{E014960A-C509-4A93-B49F-8C771BC35E9B}.Release|Any CPU.ActiveCfg = Release|Any CPU
		{E014960A-C509-4A93-B49F-8C771BC35E9B}.Release|Any CPU.Build.0 = Release|Any CPU
		{8CE775D7-F8D6-4CD7-92EE-FEDE269D3255}.Debug|Any CPU.ActiveCfg = Debug|Any CPU
		{8CE775D7-F8D6-4CD7-92EE-FEDE269D3255}.Debug|Any CPU.Build.0 = Debug|Any CPU
		{8CE775D7-F8D6-4CD7-92EE-FEDE269D3255}.Release|Any CPU.ActiveCfg = Release|Any CPU
		{8CE775D7-F8D6-4CD7-92EE-FEDE269D3255}.Release|Any CPU.Build.0 = Release|Any CPU
	EndGlobalSection
	GlobalSection(SolutionProperties) = preSolution
		HideSolutionNode = FALSE
	EndGlobalSection
	GlobalSection(ExtensibilityGlobals) = postSolution
		SolutionGuid = {300E56B3-AD68-42E3-8139-D8D0724C38B9}
	EndGlobalSection
EndGlobal
